
Microsoft Visual Studio Solution File, Format Version 12.00
# Visual Studio Version 17
VisualStudioVersion = 17.8.34511.84
MinimumVisualStudioVersion = 10.0.40219.1
Project("{8BC9CEB8-8B4A-11D0-8D11-00A0C91BC942}") = "jkc", "jkc\jkc.vcxproj", "{622AED5F-93DF-4571-B5A9-1969F27BD9B6}"
EndProject
Project("{8BC9CEB8-8B4A-11D0-8D11-00A0C91BC942}") = "jkr", "jkr\jkr.vcxproj", "{800556A4-0BD0-4477-9D62-83CD16723DC7}"
EndProject
Global
	GlobalSection(SolutionConfigurationPlatforms) = preSolution
		Debug|x64 = Debug|x64
		Debug|x86 = Debug|x86
		Release|x64 = Release|x64
		Release|x86 = Release|x86
	EndGlobalSection
	GlobalSection(ProjectConfigurationPlatforms) = postSolution
		{622AED5F-93DF-4571-B5A9-1969F27BD9B6}.Debug|x64.ActiveCfg = Debug|x64
		{622AED5F-93DF-4571-B5A9-1969F27BD9B6}.Debug|x64.Build.0 = Debug|x64
		{622AED5F-93DF-4571-B5A9-1969F27BD9B6}.Debug|x86.ActiveCfg = Debug|Win32
		{622AED5F-93DF-4571-B5A9-1969F27BD9B6}.Debug|x86.Build.0 = Debug|Win32
		{622AED5F-93DF-4571-B5A9-1969F27BD9B6}.Release|x64.ActiveCfg = Release|x64
		{622AED5F-93DF-4571-B5A9-1969F27BD9B6}.Release|x64.Build.0 = Release|x64
		{622AED5F-93DF-4571-B5A9-1969F27BD9B6}.Release|x86.ActiveCfg = Release|Win32
		{622AED5F-93DF-4571-B5A9-1969F27BD9B6}.Release|x86.Build.0 = Release|Win32
		{800556A4-0BD0-4477-9D62-83CD16723DC7}.Debug|x64.ActiveCfg = Debug|x64
		{800556A4-0BD0-4477-9D62-83CD16723DC7}.Debug|x64.Build.0 = Debug|x64
		{800556A4-0BD0-4477-9D62-83CD16723DC7}.Debug|x86.ActiveCfg = Debug|Win32
		{800556A4-0BD0-4477-9D62-83CD16723DC7}.Debug|x86.Build.0 = Debug|Win32
		{800556A4-0BD0-4477-9D62-83CD16723DC7}.Release|x64.ActiveCfg = Release|x64
		{800556A4-0BD0-4477-9D62-83CD16723DC7}.Release|x64.Build.0 = Release|x64
		{800556A4-0BD0-4477-9D62-83CD16723DC7}.Release|x86.ActiveCfg = Release|Win32
		{800556A4-0BD0-4477-9D62-83CD16723DC7}.Release|x86.Build.0 = Release|Win32
	EndGlobalSection
	GlobalSection(SolutionProperties) = preSolution
		HideSolutionNode = FALSE
	EndGlobalSection
	GlobalSection(ExtensibilityGlobals) = postSolution
		SolutionGuid = {F47F2452-3732-43F9-A114-E562BCA6651C}
	EndGlobalSection
EndGlobal
